
Microsoft Visual Studio Solution File, Format Version 12.00
# Visual Studio Version 16
VisualStudioVersion = 25.0.1706.11
MinimumVisualStudioVersion = 10.0.40219.1
Project("{FAE04EC0-301F-11D3-BF4B-00C04F79EFBC}") = "AngularFrontend", "AngularFrontend\AngularFrontend.csproj", "{2D17066D-448D-43F1-B059-E1A6F62DB904}"
EndProject
Global
	GlobalSection(SolutionConfigurationPlatforms) = preSolution
		Debug|Any CPU = Debug|Any CPU
		Release|Any CPU = Release|Any CPU
	EndGlobalSection
	GlobalSection(ProjectConfigurationPlatforms) = postSolution
		{2D17066D-448D-43F1-B059-E1A6F62DB904}.Debug|Any CPU.ActiveCfg = Debug|Any CPU
		{2D17066D-448D-43F1-B059-E1A6F62DB904}.Debug|Any CPU.Build.0 = Debug|Any CPU
		{2D17066D-448D-43F1-B059-E1A6F62DB904}.Release|Any CPU.ActiveCfg = Release|Any CPU
		{2D17066D-448D-43F1-B059-E1A6F62DB904}.Release|Any CPU.Build.0 = Release|Any CPU
	EndGlobalSection
	GlobalSection(SolutionProperties) = preSolution
		HideSolutionNode = FALSE
	EndGlobalSection
	GlobalSection(ExtensibilityGlobals) = postSolution
		SolutionGuid = {F7D6CEEE-5101-41DD-B37F-2CF26DBE2FE7}
	EndGlobalSection
EndGlobal
